// !$*UTF8*$!
{
	archiveVersion = 1;
	classes = {
	};
	objectVersion = 56;
	objects = {

/* Begin PBXBuildFile section */
		0483975C2C47F8080024560E /* PokemonTCAApp.swift in Sources */ = {isa = PBXBuildFile; fileRef = 0483975B2C47F8080024560E /* PokemonTCAApp.swift */; };
		0483975E2C47F8080024560E /* ContentView.swift in Sources */ = {isa = PBXBuildFile; fileRef = 0483975D2C47F8080024560E /* ContentView.swift */; };
		048397602C47F8090024560E /* Assets.xcassets in Resources */ = {isa = PBXBuildFile; fileRef = 0483975F2C47F8090024560E /* Assets.xcassets */; };
		048397632C47F8090024560E /* Preview Assets.xcassets in Resources */ = {isa = PBXBuildFile; fileRef = 048397622C47F8090024560E /* Preview Assets.xcassets */; };
		0483976D2C47F8090024560E /* PokemonTCATests.swift in Sources */ = {isa = PBXBuildFile; fileRef = 0483976C2C47F8090024560E /* PokemonTCATests.swift */; };
		048397772C47F8090024560E /* PokemonTCAUITests.swift in Sources */ = {isa = PBXBuildFile; fileRef = 048397762C47F8090024560E /* PokemonTCAUITests.swift */; };
		048397792C47F8090024560E /* PokemonTCAUITestsLaunchTests.swift in Sources */ = {isa = PBXBuildFile; fileRef = 048397782C47F8090024560E /* PokemonTCAUITestsLaunchTests.swift */; };
		048397872C47F8EA0024560E /* ComposableArchitecture in Frameworks */ = {isa = PBXBuildFile; productRef = 048397862C47F8EA0024560E /* ComposableArchitecture */; };
/* End PBXBuildFile section */

/* Begin PBXContainerItemProxy section */
		048397692C47F8090024560E /* PBXContainerItemProxy */ = {
			isa = PBXContainerItemProxy;
			containerPortal = 048397502C47F8080024560E /* Project object */;
			proxyType = 1;
			remoteGlobalIDString = 048397572C47F8080024560E;
			remoteInfo = PokemonTCA;
		};
		048397732C47F8090024560E /* PBXContainerItemProxy */ = {
			isa = PBXContainerItemProxy;
			containerPortal = 048397502C47F8080024560E /* Project object */;
			proxyType = 1;
			remoteGlobalIDString = 048397572C47F8080024560E;
			remoteInfo = PokemonTCA;
		};
/* End PBXContainerItemProxy section */

/* Begin PBXFileReference section */
		048397582C47F8080024560E /* PokemonTCA.app */ = {isa = PBXFileReference; explicitFileType = wrapper.application; includeInIndex = 0; path = PokemonTCA.app; sourceTree = BUILT_PRODUCTS_DIR; };
		0483975B2C47F8080024560E /* PokemonTCAApp.swift */ = {isa = PBXFileReference; lastKnownFileType = sourcecode.swift; path = PokemonTCAApp.swift; sourceTree = "<group>"; };
		0483975D2C47F8080024560E /* ContentView.swift */ = {isa = PBXFileReference; lastKnownFileType = sourcecode.swift; path = ContentView.swift; sourceTree = "<group>"; };
		0483975F2C47F8090024560E /* Assets.xcassets */ = {isa = PBXFileReference; lastKnownFileType = folder.assetcatalog; path = Assets.xcassets; sourceTree = "<group>"; };
		048397622C47F8090024560E /* Preview Assets.xcassets */ = {isa = PBXFileReference; lastKnownFileType = folder.assetcatalog; path = "Preview Assets.xcassets"; sourceTree = "<group>"; };
		048397682C47F8090024560E /* PokemonTCATests.xctest */ = {isa = PBXFileReference; explicitFileType = wrapper.cfbundle; includeInIndex = 0; path = PokemonTCATests.xctest; sourceTree = BUILT_PRODUCTS_DIR; };
		0483976C2C47F8090024560E /* PokemonTCATests.swift */ = {isa = PBXFileReference; lastKnownFileType = sourcecode.swift; path = PokemonTCATests.swift; sourceTree = "<group>"; };
		048397722C47F8090024560E /* PokemonTCAUITests.xctest */ = {isa = PBXFileReference; explicitFileType = wrapper.cfbundle; includeInIndex = 0; path = PokemonTCAUITests.xctest; sourceTree = BUILT_PRODUCTS_DIR; };
		048397762C47F8090024560E /* PokemonTCAUITests.swift */ = {isa = PBXFileReference; lastKnownFileType = sourcecode.swift; path = PokemonTCAUITests.swift; sourceTree = "<group>"; };
		048397782C47F8090024560E /* PokemonTCAUITestsLaunchTests.swift */ = {isa = PBXFileReference; lastKnownFileType = sourcecode.swift; path = PokemonTCAUITestsLaunchTests.swift; sourceTree = "<group>"; };
/* End PBXFileReference section */

/* Begin PBXFrameworksBuildPhase section */
		048397552C47F8080024560E /* Frameworks */ = {
			isa = PBXFrameworksBuildPhase;
			buildActionMask = 2147483647;
			files = (
				048397872C47F8EA0024560E /* ComposableArchitecture in Frameworks */,
			);
			runOnlyForDeploymentPostprocessing = 0;
		};
		048397652C47F8090024560E /* Frameworks */ = {
			isa = PBXFrameworksBuildPhase;
			buildActionMask = 2147483647;
			files = (
			);
			runOnlyForDeploymentPostprocessing = 0;
		};
		0483976F2C47F8090024560E /* Frameworks */ = {
			isa = PBXFrameworksBuildPhase;
			buildActionMask = 2147483647;
			files = (
			);
			runOnlyForDeploymentPostprocessing = 0;
		};
/* End PBXFrameworksBuildPhase section */

/* Begin PBXGroup section */
		0483974F2C47F8080024560E = {
			isa = PBXGroup;
			children = (
				0483975A2C47F8080024560E /* PokemonTCA */,
				0483976B2C47F8090024560E /* PokemonTCATests */,
				048397752C47F8090024560E /* PokemonTCAUITests */,
				048397592C47F8080024560E /* Products */,
			);
			sourceTree = "<group>";
		};
		048397592C47F8080024560E /* Products */ = {
			isa = PBXGroup;
			children = (
				048397582C47F8080024560E /* PokemonTCA.app */,
				048397682C47F8090024560E /* PokemonTCATests.xctest */,
				048397722C47F8090024560E /* PokemonTCAUITests.xctest */,
			);
			name = Products;
			sourceTree = "<group>";
		};
		0483975A2C47F8080024560E /* PokemonTCA */ = {
			isa = PBXGroup;
			children = (
				0483975B2C47F8080024560E /* PokemonTCAApp.swift */,
				0483975D2C47F8080024560E /* ContentView.swift */,
				0483975F2C47F8090024560E /* Assets.xcassets */,
				048397612C47F8090024560E /* Preview Content */,
			);
			path = PokemonTCA;
			sourceTree = "<group>";
		};
		048397612C47F8090024560E /* Preview Content */ = {
			isa = PBXGroup;
			children = (
				048397622C47F8090024560E /* Preview Assets.xcassets */,
			);
			path = "Preview Content";
			sourceTree = "<group>";
		};
		0483976B2C47F8090024560E /* PokemonTCATests */ = {
			isa = PBXGroup;
			children = (
				0483976C2C47F8090024560E /* PokemonTCATests.swift */,
			);
			path = PokemonTCATests;
			sourceTree = "<group>";
		};
		048397752C47F8090024560E /* PokemonTCAUITests */ = {
			isa = PBXGroup;
			children = (
				048397762C47F8090024560E /* PokemonTCAUITests.swift */,
				048397782C47F8090024560E /* PokemonTCAUITestsLaunchTests.swift */,
			);
			path = PokemonTCAUITests;
			sourceTree = "<group>";
		};
/* End PBXGroup section */

/* Begin PBXNativeTarget section */
		048397572C47F8080024560E /* PokemonTCA */ = {
			isa = PBXNativeTarget;
			buildConfigurationList = 0483977C2C47F8090024560E /* Build configuration list for PBXNativeTarget "PokemonTCA" */;
			buildPhases = (
				048397542C47F8080024560E /* Sources */,
				048397552C47F8080024560E /* Frameworks */,
				048397562C47F8080024560E /* Resources */,
			);
			buildRules = (
			);
			dependencies = (
			);
			name = PokemonTCA;
			packageProductDependencies = (
				048397862C47F8EA0024560E /* ComposableArchitecture */,
			);
			productName = PokemonTCA;
			productReference = 048397582C47F8080024560E /* PokemonTCA.app */;
			productType = "com.apple.product-type.application";
		};
		048397672C47F8090024560E /* PokemonTCATests */ = {
			isa = PBXNativeTarget;
			buildConfigurationList = 0483977F2C47F8090024560E /* Build configuration list for PBXNativeTarget "PokemonTCATests" */;
			buildPhases = (
				048397642C47F8090024560E /* Sources */,
				048397652C47F8090024560E /* Frameworks */,
				048397662C47F8090024560E /* Resources */,
			);
			buildRules = (
			);
			dependencies = (
				0483976A2C47F8090024560E /* PBXTargetDependency */,
			);
			name = PokemonTCATests;
			productName = PokemonTCATests;
			productReference = 048397682C47F8090024560E /* PokemonTCATests.xctest */;
			productType = "com.apple.product-type.bundle.unit-test";
		};
		048397712C47F8090024560E /* PokemonTCAUITests */ = {
			isa = PBXNativeTarget;
			buildConfigurationList = 048397822C47F8090024560E /* Build configuration list for PBXNativeTarget "PokemonTCAUITests" */;
			buildPhases = (
				0483976E2C47F8090024560E /* Sources */,
				0483976F2C47F8090024560E /* Frameworks */,
				048397702C47F8090024560E /* Resources */,
			);
			buildRules = (
			);
			dependencies = (
				048397742C47F8090024560E /* PBXTargetDependency */,
			);
			name = PokemonTCAUITests;
			productName = PokemonTCAUITests;
			productReference = 048397722C47F8090024560E /* PokemonTCAUITests.xctest */;
			productType = "com.apple.product-type.bundle.ui-testing";
		};
/* End PBXNativeTarget section */

/* Begin PBXProject section */
		048397502C47F8080024560E /* Project object */ = {
			isa = PBXProject;
			attributes = {
				BuildIndependentTargetsInParallel = 1;
				LastSwiftUpdateCheck = 1540;
				LastUpgradeCheck = 1540;
				TargetAttributes = {
					048397572C47F8080024560E = {
						CreatedOnToolsVersion = 15.4;
					};
					048397672C47F8090024560E = {
						CreatedOnToolsVersion = 15.4;
						TestTargetID = 048397572C47F8080024560E;
					};
					048397712C47F8090024560E = {
						CreatedOnToolsVersion = 15.4;
						TestTargetID = 048397572C47F8080024560E;
					};
				};
			};
			buildConfigurationList = 048397532C47F8080024560E /* Build configuration list for PBXProject "PokemonTCA" */;
			compatibilityVersion = "Xcode 14.0";
			developmentRegion = en;
			hasScannedForEncodings = 0;
			knownRegions = (
				en,
				Base,
			);
			mainGroup = 0483974F2C47F8080024560E;
			packageReferences = (
				048397852C47F8EA0024560E /* XCRemoteSwiftPackageReference "swift-composable-architecture" */,
			);
			productRefGroup = 048397592C47F8080024560E /* Products */;
			projectDirPath = "";
			projectRoot = "";
			targets = (
				048397572C47F8080024560E /* PokemonTCA */,
				048397672C47F8090024560E /* PokemonTCATests */,
				048397712C47F8090024560E /* PokemonTCAUITests */,
			);
		};
/* End PBXProject section */

/* Begin PBXResourcesBuildPhase section */
		048397562C47F8080024560E /* Resources */ = {
			isa = PBXResourcesBuildPhase;
			buildActionMask = 2147483647;
			files = (
				048397632C47F8090024560E /* Preview Assets.xcassets in Resources */,
				048397602C47F8090024560E /* Assets.xcassets in Resources */,
			);
			runOnlyForDeploymentPostprocessing = 0;
		};
		048397662C47F8090024560E /* Resources */ = {
			isa = PBXResourcesBuildPhase;
			buildActionMask = 2147483647;
			files = (
			);
			runOnlyForDeploymentPostprocessing = 0;
		};
		048397702C47F8090024560E /* Resources */ = {
			isa = PBXResourcesBuildPhase;
			buildActionMask = 2147483647;
			files = (
			);
			runOnlyForDeploymentPostprocessing = 0;
		};
/* End PBXResourcesBuildPhase section */

/* Begin PBXSourcesBuildPhase section */
		048397542C47F8080024560E /* Sources */ = {
			isa = PBXSourcesBuildPhase;
			buildActionMask = 2147483647;
			files = (
				0483975E2C47F8080024560E /* ContentView.swift in Sources */,
				0483975C2C47F8080024560E /* PokemonTCAApp.swift in Sources */,
			);
			runOnlyForDeploymentPostprocessing = 0;
		};
		048397642C47F8090024560E /* Sources */ = {
			isa = PBXSourcesBuildPhase;
			buildActionMask = 2147483647;
			files = (
				0483976D2C47F8090024560E /* PokemonTCATests.swift in Sources */,
			);
			runOnlyForDeploymentPostprocessing = 0;
		};
		0483976E2C47F8090024560E /* Sources */ = {
			isa = PBXSourcesBuildPhase;
			buildActionMask = 2147483647;
			files = (
				048397772C47F8090024560E /* PokemonTCAUITests.swift in Sources */,
				048397792C47F8090024560E /* PokemonTCAUITestsLaunchTests.swift in Sources */,
			);
			runOnlyForDeploymentPostprocessing = 0;
		};
/* End PBXSourcesBuildPhase section */

/* Begin PBXTargetDependency section */
		0483976A2C47F8090024560E /* PBXTargetDependency */ = {
			isa = PBXTargetDependency;
			target = 048397572C47F8080024560E /* PokemonTCA */;
			targetProxy = 048397692C47F8090024560E /* PBXContainerItemProxy */;
		};
		048397742C47F8090024560E /* PBXTargetDependency */ = {
			isa = PBXTargetDependency;
			target = 048397572C47F8080024560E /* PokemonTCA */;
			targetProxy = 048397732C47F8090024560E /* PBXContainerItemProxy */;
		};
/* End PBXTargetDependency section */

/* Begin XCBuildConfiguration section */
		0483977A2C47F8090024560E /* Debug */ = {
			isa = XCBuildConfiguration;
			buildSettings = {
				ALWAYS_SEARCH_USER_PATHS = NO;
				ASSETCATALOG_COMPILER_GENERATE_SWIFT_ASSET_SYMBOL_EXTENSIONS = YES;
				CLANG_ANALYZER_NONNULL = YES;
				CLANG_ANALYZER_NUMBER_OBJECT_CONVERSION = YES_AGGRESSIVE;
				CLANG_CXX_LANGUAGE_STANDARD = "gnu++20";
				CLANG_ENABLE_MODULES = YES;
				CLANG_ENABLE_OBJC_ARC = YES;
				CLANG_ENABLE_OBJC_WEAK = YES;
				CLANG_WARN_BLOCK_CAPTURE_AUTORELEASING = YES;
				CLANG_WARN_BOOL_CONVERSION = YES;
				CLANG_WARN_COMMA = YES;
				CLANG_WARN_CONSTANT_CONVERSION = YES;
				CLANG_WARN_DEPRECATED_OBJC_IMPLEMENTATIONS = YES;
				CLANG_WARN_DIRECT_OBJC_ISA_USAGE = YES_ERROR;
				CLANG_WARN_DOCUMENTATION_COMMENTS = YES;
				CLANG_WARN_EMPTY_BODY = YES;
				CLANG_WARN_ENUM_CONVERSION = YES;
				CLANG_WARN_INFINITE_RECURSION = YES;
				CLANG_WARN_INT_CONVERSION = YES;
				CLANG_WARN_NON_LITERAL_NULL_CONVERSION = YES;
				CLANG_WARN_OBJC_IMPLICIT_RETAIN_SELF = YES;
				CLANG_WARN_OBJC_LITERAL_CONVERSION = YES;
				CLANG_WARN_OBJC_ROOT_CLASS = YES_ERROR;
				CLANG_WARN_QUOTED_INCLUDE_IN_FRAMEWORK_HEADER = YES;
				CLANG_WARN_RANGE_LOOP_ANALYSIS = YES;
				CLANG_WARN_STRICT_PROTOTYPES = YES;
				CLANG_WARN_SUSPICIOUS_MOVE = YES;
				CLANG_WARN_UNGUARDED_AVAILABILITY = YES_AGGRESSIVE;
				CLANG_WARN_UNREACHABLE_CODE = YES;
				CLANG_WARN__DUPLICATE_METHOD_MATCH = YES;
				COPY_PHASE_STRIP = NO;
				DEBUG_INFORMATION_FORMAT = dwarf;
				ENABLE_STRICT_OBJC_MSGSEND = YES;
				ENABLE_TESTABILITY = YES;
				ENABLE_USER_SCRIPT_SANDBOXING = YES;
				GCC_C_LANGUAGE_STANDARD = gnu17;
				GCC_DYNAMIC_NO_PIC = NO;
				GCC_NO_COMMON_BLOCKS = YES;
				GCC_OPTIMIZATION_LEVEL = 0;
				GCC_PREPROCESSOR_DEFINITIONS = (
					"DEBUG=1",
					"$(inherited)",
				);
				GCC_WARN_64_TO_32_BIT_CONVERSION = YES;
				GCC_WARN_ABOUT_RETURN_TYPE = YES_ERROR;
				GCC_WARN_UNDECLARED_SELECTOR = YES;
				GCC_WARN_UNINITIALIZED_AUTOS = YES_AGGRESSIVE;
				GCC_WARN_UNUSED_FUNCTION = YES;
				GCC_WARN_UNUSED_VARIABLE = YES;
				IPHONEOS_DEPLOYMENT_TARGET = 17.0;
				LOCALIZATION_PREFERS_STRING_CATALOGS = YES;
				MTL_ENABLE_DEBUG_INFO = INCLUDE_SOURCE;
				MTL_FAST_MATH = YES;
				ONLY_ACTIVE_ARCH = YES;
				SDKROOT = iphoneos;
				SWIFT_ACTIVE_COMPILATION_CONDITIONS = "DEBUG $(inherited)";
				SWIFT_OPTIMIZATION_LEVEL = "-Onone";
			};
			name = Debug;
		};
		0483977B2C47F8090024560E /* Release */ = {
			isa = XCBuildConfiguration;
			buildSettings = {
				ALWAYS_SEARCH_USER_PATHS = NO;
				ASSETCATALOG_COMPILER_GENERATE_SWIFT_ASSET_SYMBOL_EXTENSIONS = YES;
				CLANG_ANALYZER_NONNULL = YES;
				CLANG_ANALYZER_NUMBER_OBJECT_CONVERSION = YES_AGGRESSIVE;
				CLANG_CXX_LANGUAGE_STANDARD = "gnu++20";
				CLANG_ENABLE_MODULES = YES;
				CLANG_ENABLE_OBJC_ARC = YES;
				CLANG_ENABLE_OBJC_WEAK = YES;
				CLANG_WARN_BLOCK_CAPTURE_AUTORELEASING = YES;
				CLANG_WARN_BOOL_CONVERSION = YES;
				CLANG_WARN_COMMA = YES;
				CLANG_WARN_CONSTANT_CONVERSION = YES;
				CLANG_WARN_DEPRECATED_OBJC_IMPLEMENTATIONS = YES;
				CLANG_WARN_DIRECT_OBJC_ISA_USAGE = YES_ERROR;
				CLANG_WARN_DOCUMENTATION_COMMENTS = YES;
				CLANG_WARN_EMPTY_BODY = YES;
				CLANG_WARN_ENUM_CONVERSION = YES;
				CLANG_WARN_INFINITE_RECURSION = YES;
				CLANG_WARN_INT_CONVERSION = YES;
				CLANG_WARN_NON_LITERAL_NULL_CONVERSION = YES;
				CLANG_WARN_OBJC_IMPLICIT_RETAIN_SELF = YES;
				CLANG_WARN_OBJC_LITERAL_CONVERSION = YES;
				CLANG_WARN_OBJC_ROOT_CLASS = YES_ERROR;
				CLANG_WARN_QUOTED_INCLUDE_IN_FRAMEWORK_HEADER = YES;
				CLANG_WARN_RANGE_LOOP_ANALYSIS = YES;
				CLANG_WARN_STRICT_PROTOTYPES = YES;
				CLANG_WARN_SUSPICIOUS_MOVE = YES;
				CLANG_WARN_UNGUARDED_AVAILABILITY = YES_AGGRESSIVE;
				CLANG_WARN_UNREACHABLE_CODE = YES;
				CLANG_WARN__DUPLICATE_METHOD_MATCH = YES;
				COPY_PHASE_STRIP = NO;
				DEBUG_INFORMATION_FORMAT = "dwarf-with-dsym";
				ENABLE_NS_ASSERTIONS = NO;
				ENABLE_STRICT_OBJC_MSGSEND = YES;
				ENABLE_USER_SCRIPT_SANDBOXING = YES;
				GCC_C_LANGUAGE_STANDARD = gnu17;
				GCC_NO_COMMON_BLOCKS = YES;
				GCC_WARN_64_TO_32_BIT_CONVERSION = YES;
				GCC_WARN_ABOUT_RETURN_TYPE = YES_ERROR;
				GCC_WARN_UNDECLARED_SELECTOR = YES;
				GCC_WARN_UNINITIALIZED_AUTOS = YES_AGGRESSIVE;
				GCC_WARN_UNUSED_FUNCTION = YES;
				GCC_WARN_UNUSED_VARIABLE = YES;
				IPHONEOS_DEPLOYMENT_TARGET = 17.0;
				LOCALIZATION_PREFERS_STRING_CATALOGS = YES;
				MTL_ENABLE_DEBUG_INFO = NO;
				MTL_FAST_MATH = YES;
				SDKROOT = iphoneos;
				SWIFT_COMPILATION_MODE = wholemodule;
				VALIDATE_PRODUCT = YES;
			};
			name = Release;
		};
		0483977D2C47F8090024560E /* Debug */ = {
			isa = XCBuildConfiguration;
			buildSettings = {
				ASSETCATALOG_COMPILER_APPICON_NAME = AppIcon;
				ASSETCATALOG_COMPILER_GLOBAL_ACCENT_COLOR_NAME = AccentColor;
				CODE_SIGN_STYLE = Automatic;
				CURRENT_PROJECT_VERSION = 1;
				DEVELOPMENT_ASSET_PATHS = "\"PokemonTCA/Preview Content\"";
				ENABLE_PREVIEWS = YES;
				GENERATE_INFOPLIST_FILE = YES;
				INFOPLIST_KEY_UIApplicationSceneManifest_Generation = YES;
				INFOPLIST_KEY_UIApplicationSupportsIndirectInputEvents = YES;
				INFOPLIST_KEY_UILaunchScreen_Generation = YES;
				INFOPLIST_KEY_UISupportedInterfaceOrientations_iPad = "UIInterfaceOrientationPortrait UIInterfaceOrientationPortraitUpsideDown UIInterfaceOrientationLandscapeLeft UIInterfaceOrientationLandscapeRight";
				INFOPLIST_KEY_UISupportedInterfaceOrientations_iPhone = "UIInterfaceOrientationPortrait UIInterfaceOrientationLandscapeLeft UIInterfaceOrientationLandscapeRight";
				IPHONEOS_DEPLOYMENT_TARGET = 17.0;
				LD_RUNPATH_SEARCH_PATHS = (
					"$(inherited)",
					"@executable_path/Frameworks",
				);
				MARKETING_VERSION = 1.0;
				PRODUCT_BUNDLE_IDENTIFIER = JonathanMenard.PokemonTCA;
				PRODUCT_NAME = "$(TARGET_NAME)";
				SWIFT_EMIT_LOC_STRINGS = YES;
				SWIFT_VERSION = 5.0;
				TARGETED_DEVICE_FAMILY = "1,2";
			};
			name = Debug;
		};
		0483977E2C47F8090024560E /* Release */ = {
			isa = XCBuildConfiguration;
			buildSettings = {
				ASSETCATALOG_COMPILER_APPICON_NAME = AppIcon;
				ASSETCATALOG_COMPILER_GLOBAL_ACCENT_COLOR_NAME = AccentColor;
				CODE_SIGN_STYLE = Automatic;
				CURRENT_PROJECT_VERSION = 1;
				DEVELOPMENT_ASSET_PATHS = "\"PokemonTCA/Preview Content\"";
				ENABLE_PREVIEWS = YES;
				GENERATE_INFOPLIST_FILE = YES;
				INFOPLIST_KEY_UIApplicationSceneManifest_Generation = YES;
				INFOPLIST_KEY_UIApplicationSupportsIndirectInputEvents = YES;
				INFOPLIST_KEY_UILaunchScreen_Generation = YES;
				INFOPLIST_KEY_UISupportedInterfaceOrientations_iPad = "UIInterfaceOrientationPortrait UIInterfaceOrientationPortraitUpsideDown UIInterfaceOrientationLandscapeLeft UIInterfaceOrientationLandscapeRight";
				INFOPLIST_KEY_UISupportedInterfaceOrientations_iPhone = "UIInterfaceOrientationPortrait UIInterfaceOrientationLandscapeLeft UIInterfaceOrientationLandscapeRight";
				IPHONEOS_DEPLOYMENT_TARGET = 17.0;
				LD_RUNPATH_SEARCH_PATHS = (
					"$(inherited)",
					"@executable_path/Frameworks",
				);
				MARKETING_VERSION = 1.0;
				PRODUCT_BUNDLE_IDENTIFIER = JonathanMenard.PokemonTCA;
				PRODUCT_NAME = "$(TARGET_NAME)";
				SWIFT_EMIT_LOC_STRINGS = YES;
				SWIFT_VERSION = 5.0;
				TARGETED_DEVICE_FAMILY = "1,2";
			};
			name = Release;
		};
		048397802C47F8090024560E /* Debug */ = {
			isa = XCBuildConfiguration;
			buildSettings = {
				ALWAYS_EMBED_SWIFT_STANDARD_LIBRARIES = YES;
				BUNDLE_LOADER = "$(TEST_HOST)";
				CODE_SIGN_STYLE = Automatic;
				CURRENT_PROJECT_VERSION = 1;
				GENERATE_INFOPLIST_FILE = YES;
				IPHONEOS_DEPLOYMENT_TARGET = 17.5;
				MARKETING_VERSION = 1.0;
				PRODUCT_BUNDLE_IDENTIFIER = JonathanMenard.PokemonTCATests;
				PRODUCT_NAME = "$(TARGET_NAME)";
				SWIFT_EMIT_LOC_STRINGS = NO;
				SWIFT_VERSION = 5.0;
				TARGETED_DEVICE_FAMILY = "1,2";
				TEST_HOST = "$(BUILT_PRODUCTS_DIR)/PokemonTCA.app/$(BUNDLE_EXECUTABLE_FOLDER_PATH)/PokemonTCA";
			};
			name = Debug;
		};
		048397812C47F8090024560E /* Release */ = {
			isa = XCBuildConfiguration;
			buildSettings = {
				ALWAYS_EMBED_SWIFT_STANDARD_LIBRARIES = YES;
				BUNDLE_LOADER = "$(TEST_HOST)";
				CODE_SIGN_STYLE = Automatic;
				CURRENT_PROJECT_VERSION = 1;
				GENERATE_INFOPLIST_FILE = YES;
				IPHONEOS_DEPLOYMENT_TARGET = 17.5;
				MARKETING_VERSION = 1.0;
				PRODUCT_BUNDLE_IDENTIFIER = JonathanMenard.PokemonTCATests;
				PRODUCT_NAME = "$(TARGET_NAME)";
				SWIFT_EMIT_LOC_STRINGS = NO;
				SWIFT_VERSION = 5.0;
				TARGETED_DEVICE_FAMILY = "1,2";
				TEST_HOST = "$(BUILT_PRODUCTS_DIR)/PokemonTCA.app/$(BUNDLE_EXECUTABLE_FOLDER_PATH)/PokemonTCA";
			};
			name = Release;
		};
		048397832C47F8090024560E /* Debug */ = {
			isa = XCBuildConfiguration;
			buildSettings = {
				ALWAYS_EMBED_SWIFT_STANDARD_LIBRARIES = YES;
				CODE_SIGN_STYLE = Automatic;
				CURRENT_PROJECT_VERSION = 1;
				GENERATE_INFOPLIST_FILE = YES;
				MARKETING_VERSION = 1.0;
				PRODUCT_BUNDLE_IDENTIFIER = JonathanMenard.PokemonTCAUITests;
				PRODUCT_NAME = "$(TARGET_NAME)";
				SWIFT_EMIT_LOC_STRINGS = NO;
				SWIFT_VERSION = 5.0;
				TARGETED_DEVICE_FAMILY = "1,2";
				TEST_TARGET_NAME = PokemonTCA;
			};
			name = Debug;
		};
		048397842C47F8090024560E /* Release */ = {
			isa = XCBuildConfiguration;
			buildSettings = {
				ALWAYS_EMBED_SWIFT_STANDARD_LIBRARIES = YES;
				CODE_SIGN_STYLE = Automatic;
				CURRENT_PROJECT_VERSION = 1;
				GENERATE_INFOPLIST_FILE = YES;
				MARKETING_VERSION = 1.0;
				PRODUCT_BUNDLE_IDENTIFIER = JonathanMenard.PokemonTCAUITests;
				PRODUCT_NAME = "$(TARGET_NAME)";
				SWIFT_EMIT_LOC_STRINGS = NO;
				SWIFT_VERSION = 5.0;
				TARGETED_DEVICE_FAMILY = "1,2";
				TEST_TARGET_NAME = PokemonTCA;
			};
			name = Release;
		};
/* End XCBuildConfiguration section */

/* Begin XCConfigurationList section */
		048397532C47F8080024560E /* Build configuration list for PBXProject "PokemonTCA" */ = {
			isa = XCConfigurationList;
			buildConfigurations = (
				0483977A2C47F8090024560E /* Debug */,
				0483977B2C47F8090024560E /* Release */,
			);
			defaultConfigurationIsVisible = 0;
			defaultConfigurationName = Release;
		};
		0483977C2C47F8090024560E /* Build configuration list for PBXNativeTarget "PokemonTCA" */ = {
			isa = XCConfigurationList;
			buildConfigurations = (
				0483977D2C47F8090024560E /* Debug */,
				0483977E2C47F8090024560E /* Release */,
			);
			defaultConfigurationIsVisible = 0;
			defaultConfigurationName = Release;
		};
		0483977F2C47F8090024560E /* Build configuration list for PBXNativeTarget "PokemonTCATests" */ = {
			isa = XCConfigurationList;
			buildConfigurations = (
				048397802C47F8090024560E /* Debug */,
				048397812C47F8090024560E /* Release */,
			);
			defaultConfigurationIsVisible = 0;
			defaultConfigurationName = Release;
		};
		048397822C47F8090024560E /* Build configuration list for PBXNativeTarget "PokemonTCAUITests" */ = {
			isa = XCConfigurationList;
			buildConfigurations = (
				048397832C47F8090024560E /* Debug */,
				048397842C47F8090024560E /* Release */,
			);
			defaultConfigurationIsVisible = 0;
			defaultConfigurationName = Release;
		};
/* End XCConfigurationList section */

/* Begin XCRemoteSwiftPackageReference section */
		048397852C47F8EA0024560E /* XCRemoteSwiftPackageReference "swift-composable-architecture" */ = {
			isa = XCRemoteSwiftPackageReference;
			repositoryURL = "git@github.com:pointfreeco/swift-composable-architecture.git";
			requirement = {
				kind = exactVersion;
				version = 1.11.2;
			};
		};
/* End XCRemoteSwiftPackageReference section */

/* Begin XCSwiftPackageProductDependency section */
		048397862C47F8EA0024560E /* ComposableArchitecture */ = {
			isa = XCSwiftPackageProductDependency;
			package = 048397852C47F8EA0024560E /* XCRemoteSwiftPackageReference "swift-composable-architecture" */;
			productName = ComposableArchitecture;
		};
/* End XCSwiftPackageProductDependency section */
	};
	rootObject = 048397502C47F8080024560E /* Project object */;
}
